{
  "lockfileVersion": 1,
  "workspaces": {
    "": {
      "name": "plauzible",
      "dependencies": {
        "@tauri-apps/plugin-clipboard-manager": "~2",
        "@tauri-apps/plugin-dialog": "~2",
        "@tauri-apps/plugin-fs": "~2",
        "@tauri-apps/plugin-process": "~2",
        "@tauri-apps/plugin-sql": "~2",
        "add": "^2.0.6",
      },
      "devDependencies": {
        "@tauri-apps/cli": "^2",
      },
    },
  },
  "packages": {
    "@tauri-apps/api": ["@tauri-apps/api@2.5.0", "", {}, "sha512-Ldux4ip+HGAcPUmuLT8EIkk6yafl5vK0P0c0byzAKzxJh7vxelVtdPONjfgTm96PbN24yjZNESY8CKo8qniluA=="],

    "@tauri-apps/cli": ["@tauri-apps/cli@2.5.0", "", { "optionalDependencies": { "@tauri-apps/cli-darwin-arm64": "2.5.0", "@tauri-apps/cli-darwin-x64": "2.5.0", "@tauri-apps/cli-linux-arm-gnueabihf": "2.5.0", "@tauri-apps/cli-linux-arm64-gnu": "2.5.0", "@tauri-apps/cli-linux-arm64-musl": "2.5.0", "@tauri-apps/cli-linux-riscv64-gnu": "2.5.0", "@tauri-apps/cli-linux-x64-gnu": "2.5.0", "@tauri-apps/cli-linux-x64-musl": "2.5.0", "@tauri-apps/cli-win32-arm64-msvc": "2.5.0", "@tauri-apps/cli-win32-ia32-msvc": "2.5.0", "@tauri-apps/cli-win32-x64-msvc": "2.5.0" }, "bin": { "tauri": "tauri.js" } }, "sha512-rAtHqG0Gh/IWLjN2zTf3nZqYqbo81oMbqop56rGTjrlWk9pTTAjkqOjSL9XQLIMZ3RbeVjveCqqCA0s8RnLdMg=="],

    "@tauri-apps/cli-darwin-arm64": ["@tauri-apps/cli-darwin-arm64@2.5.0", "", { "os": "darwin", "cpu": "arm64" }, "sha512-VuVAeTFq86dfpoBDNYAdtQVLbP0+2EKCHIIhkaxjeoPARR0sLpFHz2zs0PcFU76e+KAaxtEtAJAXGNUc8E1PzQ=="],

    "@tauri-apps/cli-darwin-x64": ["@tauri-apps/cli-darwin-x64@2.5.0", "", { "os": "darwin", "cpu": "x64" }, "sha512-hUF01sC06cZVa8+I0/VtsHOk9BbO75rd+YdtHJ48xTdcYaQ5QIwL4yZz9OR1AKBTaUYhBam8UX9Pvd5V2/4Dpw=="],

    "@tauri-apps/cli-linux-arm-gnueabihf": ["@tauri-apps/cli-linux-arm-gnueabihf@2.5.0", "", { "os": "linux", "cpu": "arm" }, "sha512-LQKqttsK252LlqYyX8R02MinUsfFcy3+NZiJwHFgi5Y3+ZUIAED9cSxJkyNtuY5KMnR4RlpgWyLv4P6akN1xhg=="],

    "@tauri-apps/cli-linux-arm64-gnu": ["@tauri-apps/cli-linux-arm64-gnu@2.5.0", "", { "os": "linux", "cpu": "arm64" }, "sha512-mTQufsPcpdHg5RW0zypazMo4L55EfeE5snTzrPqbLX4yCK2qalN7+rnP8O8GT06xhp6ElSP/Ku1M2MR297SByQ=="],

    "@tauri-apps/cli-linux-arm64-musl": ["@tauri-apps/cli-linux-arm64-musl@2.5.0", "", { "os": "linux", "cpu": "arm64" }, "sha512-rQO1HhRUQqyEaal5dUVOQruTRda/TD36s9kv1hTxZiFuSq3558lsTjAcUEnMAtBcBkps20sbyTJNMT0AwYIk8Q=="],

    "@tauri-apps/cli-linux-riscv64-gnu": ["@tauri-apps/cli-linux-riscv64-gnu@2.5.0", "", { "os": "linux", "cpu": "none" }, "sha512-7oS18FN46yDxyw1zX/AxhLAd7T3GrLj3Ai6s8hZKd9qFVzrAn36ESL7d3G05s8wEtsJf26qjXnVF4qleS3dYsA=="],

    "@tauri-apps/cli-linux-x64-gnu": ["@tauri-apps/cli-linux-x64-gnu@2.5.0", "", { "os": "linux", "cpu": "x64" }, "sha512-SG5sFNL7VMmDBdIg3nO3EzNRT306HsiEQ0N90ILe3ZABYAVoPDO/ttpCO37ApLInTzrq/DLN+gOlC/mgZvLw1w=="],

    "@tauri-apps/cli-linux-x64-musl": ["@tauri-apps/cli-linux-x64-musl@2.5.0", "", { "os": "linux", "cpu": "x64" }, "sha512-QXDM8zp/6v05PNWju5ELsVwF0VH1n6b5pk2E6W/jFbbiwz80Vs1lACl9pv5kEHkrxBj+aWU/03JzGuIj2g3SkQ=="],

    "@tauri-apps/cli-win32-arm64-msvc": ["@tauri-apps/cli-win32-arm64-msvc@2.5.0", "", { "os": "win32", "cpu": "arm64" }, "sha512-pFSHFK6b+o9y4Un8w0gGLwVyFTZaC3P0kQ7umRt/BLDkzD5RnQ4vBM7CF8BCU5nkwmEBUCZd7Wt3TWZxe41o6Q=="],

    "@tauri-apps/cli-win32-ia32-msvc": ["@tauri-apps/cli-win32-ia32-msvc@2.5.0", "", { "os": "win32", "cpu": "ia32" }, "sha512-EArv1IaRlogdLAQyGlKmEqZqm5RfHCUMhJoedWu7GtdbOMUfSAz6FMX2boE1PtEmNO4An+g188flLeVErrxEKg=="],

    "@tauri-apps/cli-win32-x64-msvc": ["@tauri-apps/cli-win32-x64-msvc@2.5.0", "", { "os": "win32", "cpu": "x64" }, "sha512-lj43EFYbnAta8pd9JnUq87o+xRUR0odz+4rixBtTUwUgdRdwQ2V9CzFtsMu6FQKpFQ6mujRK6P1IEwhL6ADRsQ=="],

    "@tauri-apps/plugin-clipboard-manager": ["@tauri-apps/plugin-clipboard-manager@2.2.2", "", { "dependencies": { "@tauri-apps/api": "^2.0.0" } }, "sha512-bZvDLMqfcNmsw7Ag8I49jlaCjdpDvvlJHnpp6P+Gg/3xtpSERdwlDxm7cKGbs2mj46dsw4AuG3RoAgcpwgioUA=="],

    "@tauri-apps/plugin-dialog": ["@tauri-apps/plugin-dialog@2.2.2", "", { "dependencies": { "@tauri-apps/api": "^2.0.0" } }, "sha512-Pm9qnXQq8ZVhAMFSEPwxvh+nWb2mk7LASVlNEHYaksHvcz8P6+ElR5U5dNL9Ofrm+uwhh1/gYKWswK8JJJAh6A=="],

    "@tauri-apps/plugin-fs": ["@tauri-apps/plugin-fs@2.3.0", "", { "dependencies": { "@tauri-apps/api": "^2.0.0" } }, "sha512-G9gEyYVUaaxhdRJBgQTTLmzAe0vtHYxYyN1oTQzU3zwvb8T+tVLcAqCdFMWHq0qGeGbmynI5whvYpcXo5LvZ1w=="],

    "@tauri-apps/plugin-process": ["@tauri-apps/plugin-process@2.3.1", "", { "dependencies": { "@tauri-apps/api": "^2.8.0" } }, "sha512-nCa4fGVaDL/B9ai03VyPOjfAHRHSBz5v6F/ObsB73r/dA3MHHhZtldaDMIc0V/pnUw9ehzr2iEG+XkSEyC0JJA=="],

    "@tauri-apps/plugin-sql": ["@tauri-apps/plugin-sql@2.2.0", "", { "dependencies": { "@tauri-apps/api": "^2.0.0" } }, "sha512-yGdybpaMENe/p6lTXslvDHYNNvD9qB7palaBBF5fJHdYSkwd3vrLiYU9dFfLwUAwnsBylND55EiivWsjhazejA=="],

    "add": ["add@2.0.6", "", {}, "sha512-j5QzrmsokwWWp6kUcJQySpbG+xfOBqqKnup3OIk1pz+kB/80SLorZ9V8zHFLO92Lcd+hbvq8bT+zOGoPkmBV0Q=="],

    "@tauri-apps/plugin-process/@tauri-apps/api": ["@tauri-apps/api@2.9.1", "", {}, "sha512-IGlhP6EivjXHepbBic618GOmiWe4URJiIeZFlB7x3czM0yDHHYviH1Xvoiv4FefdkQtn6v7TuwWCRfOGdnVUGw=="],
  }
}
